
Microsoft Visual Studio Solution File, Format Version 12.00
# Visual Studio Version 17
VisualStudioVersion = 17.3.32901.215
MinimumVisualStudioVersion = 10.0.40219.1
Project("{FAE04EC0-301F-11D3-BF4B-00C04F79EFBC}") = "HelloWorld", "HelloWorld\HelloWorld.csproj", "{C145B911-4537-4325-8307-D684988BA2E5}"
EndProject
Global
	GlobalSection(SolutionConfigurationPlatforms) = preSolution
		Debug|Any CPU = Debug|Any CPU
		Release|Any CPU = Release|Any CPU
	EndGlobalSection
	GlobalSection(ProjectConfigurationPlatforms) = postSolution
		{C145B911-4537-4325-8307-D684988BA2E5}.Debug|Any CPU.ActiveCfg = Debug|Any CPU
		{C145B911-4537-4325-8307-D684988BA2E5}.Debug|Any CPU.Build.0 = Debug|Any CPU
		{C145B911-4537-4325-8307-D684988BA2E5}.Release|Any CPU.ActiveCfg = Release|Any CPU
		{C145B911-4537-4325-8307-D684988BA2E5}.Release|Any CPU.Build.0 = Release|Any CPU
	EndGlobalSection
	GlobalSection(SolutionProperties) = preSolution
		HideSolutionNode = FALSE
	EndGlobalSection
	GlobalSection(ExtensibilityGlobals) = postSolution
		SolutionGuid = {AC8ED9D7-31A5-4FF9-BFFC-9D2AB00979D1}
	EndGlobalSection
EndGlobal
